
Microsoft Visual Studio Solution File, Format Version 12.00
# Visual Studio Version 17
VisualStudioVersion = 17.1.32210.238
MinimumVisualStudioVersion = 10.0.40219.1
Project("{9A19103F-16F7-4668-BE54-9A1E7A4F7556}") = "OXX_ProjectINtro", "OXX_ProjectINtro\OXX_ProjectINtro.csproj", "{F2C7B1BF-1398-4C17-9F9E-693F2EFFB95B}"
EndProject
Global
	GlobalSection(SolutionConfigurationPlatforms) = preSolution
		Debug|Any CPU = Debug|Any CPU
		Release|Any CPU = Release|Any CPU
	EndGlobalSection
	GlobalSection(ProjectConfigurationPlatforms) = postSolution
		{F2C7B1BF-1398-4C17-9F9E-693F2EFFB95B}.Debug|Any CPU.ActiveCfg = Debug|Any CPU
		{F2C7B1BF-1398-4C17-9F9E-693F2EFFB95B}.Debug|Any CPU.Build.0 = Debug|Any CPU
		{F2C7B1BF-1398-4C17-9F9E-693F2EFFB95B}.Release|Any CPU.ActiveCfg = Release|Any CPU
		{F2C7B1BF-1398-4C17-9F9E-693F2EFFB95B}.Release|Any CPU.Build.0 = Release|Any CPU
	EndGlobalSection
	GlobalSection(SolutionProperties) = preSolution
		HideSolutionNode = FALSE
	EndGlobalSection
	GlobalSection(ExtensibilityGlobals) = postSolution
		SolutionGuid = {BFBB5B55-A65F-4988-AA99-7218EAEA9637}
	EndGlobalSection
EndGlobal
